
Microsoft Visual Studio Solution File, Format Version 12.00
# Visual Studio Version 16
VisualStudioVersion = 16.0.31205.134
MinimumVisualStudioVersion = 10.0.40219.1
Project("{FAE04EC0-301F-11D3-BF4B-00C04F79EFBC}") = "MatchGame", "MatchGame\MatchGame.csproj", "{2DE22656-A0CC-4B3D-B4EE-35FC7C931155}"
EndProject
Global
	GlobalSection(SolutionConfigurationPlatforms) = preSolution
		Debug|Any CPU = Debug|Any CPU
		Release|Any CPU = Release|Any CPU
	EndGlobalSection
	GlobalSection(ProjectConfigurationPlatforms) = postSolution
		{2DE22656-A0CC-4B3D-B4EE-35FC7C931155}.Debug|Any CPU.ActiveCfg = Debug|Any CPU
		{2DE22656-A0CC-4B3D-B4EE-35FC7C931155}.Debug|Any CPU.Build.0 = Debug|Any CPU
		{2DE22656-A0CC-4B3D-B4EE-35FC7C931155}.Release|Any CPU.ActiveCfg = Release|Any CPU
		{2DE22656-A0CC-4B3D-B4EE-35FC7C931155}.Release|Any CPU.Build.0 = Release|Any CPU
	EndGlobalSection
	GlobalSection(SolutionProperties) = preSolution
		HideSolutionNode = FALSE
	EndGlobalSection
	GlobalSection(ExtensibilityGlobals) = postSolution
		SolutionGuid = {37572183-7977-4296-A078-BD1DB6DA7FBC}
	EndGlobalSection
EndGlobal
